hash: 7a50ce45cd2b732097114331ca43e6e98db5f83c08d4398e2db78eca83d3644b
updated: 2017-11-14T16:54:50.558854349+08:00
imports:
- name: github.com/opencontainers/go-digest
  version: 279bed98673dd5bef374d3b6e4b09e2af76183bf
- name: github.com/opencontainers/image-spec
  version: ab7389ef9f50030c9b245bc16b981c7ddf192882
  subpackages:
  - schema
  - specs-go/v1
  - specs-go
- name: github.com/opencontainers/image-tools
  version: f1c9348c048e8615a28270da831dee367d010853
  subpackages:
  - image
  - version
- name: github.com/opencontainers/runtime-spec
  version: 4e3b9264a330d094b0386c3703c5f379119711e8
  subpackages:
  - specs-go
- name: github.com/pkg/errors
  version: 645ef00459ed84a119197bfb8d8205042c6df63d
- name: github.com/sirupsen/logrus
  version: f006c2ac4710855cf0f916dd6b77acf6b048dc6e
- name: github.com/urfave/cli
  version: cfb38830724cc34fedffe9a2a29fb54fa9169cd1
- name: github.com/xeipuuv/gojsonpointer
  version: 6fe8760cad3569743d51ddbb243b26f8456742dc
- name: github.com/xeipuuv/gojsonreference
  version: e02fc20de94c78484cd5ffb007f8af96be030a45
- name: github.com/xeipuuv/gojsonschema
  version: 212d8a0df7acfab8bdd190a7a69f0ab7376edcc8
- name: go4.org
  version: 034d17a462f7b2dcd1a4a73553ec5357ff6e6c6e
  subpackages:
  - errorutil
- name: golang.org/x/crypto/ssh/terminal
  version: ""
- name: golang.org/x/sys/unix
  version: ""
testImports:
- name: github.com/dsnet/compress
  version: c4dbed65594871659ea7347a85e1b8dcd97b9990
  subpackages:
  - bzip2
